
Microsoft Visual Studio Solution File, Format Version 12.00
# Visual Studio Version 17
VisualStudioVersion = 17.7.34003.232
MinimumVisualStudioVersion = 10.0.40219.1
Project("{9A19103F-16F7-4668-BE54-9A1E7A4F7556}") = "Inlog.WebApi", "Inlog.WebApi.csproj", "{B4ED044C-5AB0-442A-BE25-6B24534501F7}"
EndProject
Global
	GlobalSection(SolutionConfigurationPlatforms) = preSolution
		Debug|Any CPU = Debug|Any CPU
		Release|Any CPU = Release|Any CPU
	EndGlobalSection
	GlobalSection(ProjectConfigurationPlatforms) = postSolution
		{B4ED044C-5AB0-442A-BE25-6B24534501F7}.Debug|Any CPU.ActiveCfg = Debug|Any CPU
		{B4ED044C-5AB0-442A-BE25-6B24534501F7}.Debug|Any CPU.Build.0 = Debug|Any CPU
		{B4ED044C-5AB0-442A-BE25-6B24534501F7}.Release|Any CPU.ActiveCfg = Release|Any CPU
		{B4ED044C-5AB0-442A-BE25-6B24534501F7}.Release|Any CPU.Build.0 = Release|Any CPU
	EndGlobalSection
	GlobalSection(SolutionProperties) = preSolution
		HideSolutionNode = FALSE
	EndGlobalSection
	GlobalSection(ExtensibilityGlobals) = postSolution
		SolutionGuid = {535A1AD8-0FA7-4376-A35A-769B70931B7A}
	EndGlobalSection
EndGlobal
